# THIS IS AN AUTOGENERATED FILE. DO NOT EDIT THIS FILE DIRECTLY.
# yarn lockfile v1


"@josephuspaye/chrome-native-bridge@^0.1.1":
  version "0.1.1"
  resolved "https://registry.yarnpkg.com/@josephuspaye/chrome-native-bridge/-/chrome-native-bridge-0.1.1.tgz#dc98e411670f2939c08771a7324086eb0c453e79"
  integrity sha512-+XdAwd3BJPA83AK6Rdaqsr+bnZlOsYsaAVfUPzJFvqmCJjwQXtcTr6AQDKmaYJ44z0GdUYROlA1qoCdk0T6Rig==

"@josephuspaye/pipe-emitter@^0.1.0":
  version "0.1.0"
  resolved "https://registry.yarnpkg.com/@josephuspaye/pipe-emitter/-/pipe-emitter-0.1.0.tgz#d2cfe2ed477aff021f215d9ffcc1260106caa0cc"
  integrity sha512-cobU1N1z3WEotNgeGRxcpSXS4h28Z/obGDIqr6DuKkiKpMtvEpWbkRMy7h6mMX6EZ+LcgDcvqYYM6LHCjQsMHg==
  dependencies:
    mitt "^2.1.0"

mitt@^2.1.0:
  version "2.1.0"
  resolved "https://registry.yarnpkg.com/mitt/-/mitt-2.1.0.tgz#f740577c23176c6205b121b2973514eade1b2230"
  integrity sha512-ILj2TpLiysu2wkBbWjAmww7TkZb65aiQO+DkVdUTBpBXq+MHYiETENkKFMtsJZX1Lf4pe4QOrTSjIfUwN5lRdg==
